// !$*UTF8*$!
{
	archiveVersion = 1;
	classes = {
	};
	objectVersion = 50;
	objects = {

/* Begin PBXBuildFile section */
		846A7DE321B8E89B00A0E94B /* AppDelegate.swift in Sources */ = {isa = PBXBuildFile; fileRef = 846A7DE221B8E89B00A0E94B /* AppDelegate.swift */; };
		846A7DE521B8E89B00A0E94B /* ViewController.swift in Sources */ = {isa = PBXBuildFile; fileRef = 846A7DE421B8E89B00A0E94B /* ViewController.swift */; };
		846A7DE821B8E89B00A0E94B /* TableView.storyboard in Resources */ = {isa = PBXBuildFile; fileRef = 846A7DE621B8E89B00A0E94B /* TableView.storyboard */; };
		846A7DEA21B8E89D00A0E94B /* Assets.xcassets in Resources */ = {isa = PBXBuildFile; fileRef = 846A7DE921B8E89D00A0E94B /* Assets.xcassets */; };
		846A7DED21B8E89D00A0E94B /* LaunchScreen.storyboard in Resources */ = {isa = PBXBuildFile; fileRef = 846A7DEB21B8E89D00A0E94B /* LaunchScreen.storyboard */; };
		84B59C5621BA4C4400543DC2 /* WithLockTableViewCell.swift in Sources */ = {isa = PBXBuildFile; fileRef = 84B59C5421BA4C4400543DC2 /* WithLockTableViewCell.swift */; };
		84B59C5721BA4C4400543DC2 /* WithLockTableViewCell.xib in Resources */ = {isa = PBXBuildFile; fileRef = 84B59C5521BA4C4400543DC2 /* WithLockTableViewCell.xib */; };
		84B59C5A21BA4C5E00543DC2 /* OrdinaryTableViewCell.swift in Sources */ = {isa = PBXBuildFile; fileRef = 84B59C5821BA4C5E00543DC2 /* OrdinaryTableViewCell.swift */; };
		84B59C5B21BA4C5E00543DC2 /* OrdinaryTableViewCell.xib in Resources */ = {isa = PBXBuildFile; fileRef = 84B59C5921BA4C5E00543DC2 /* OrdinaryTableViewCell.xib */; };
		84BE39C921B942AC00168E13 /* TableViewController.swift in Sources */ = {isa = PBXBuildFile; fileRef = 84BE39C821B942AC00168E13 /* TableViewController.swift */; };
		84EFA7F921BD3A34000F9772 /* CollectionView.storyboard in Resources */ = {isa = PBXBuildFile; fileRef = 84EFA7F821BD3A34000F9772 /* CollectionView.storyboard */; };
		84EFA7FC21BD3A89000F9772 /* CollectionViewController.swift in Sources */ = {isa = PBXBuildFile; fileRef = 84EFA7FB21BD3A89000F9772 /* CollectionViewController.swift */; };
		84EFA7FF21BD3EE8000F9772 /* AwesomeCollectionViewCell.swift in Sources */ = {isa = PBXBuildFile; fileRef = 84EFA7FD21BD3EE8000F9772 /* AwesomeCollectionViewCell.swift */; };
		84EFA80021BD3EE8000F9772 /* AwesomeCollectionViewCell.xib in Resources */ = {isa = PBXBuildFile; fileRef = 84EFA7FE21BD3EE8000F9772 /* AwesomeCollectionViewCell.xib */; };
		84EFA80421BD56D3000F9772 /* SectionHeaderCollectionReusableView.swift in Sources */ = {isa = PBXBuildFile; fileRef = 84EFA80321BD56D3000F9772 /* SectionHeaderCollectionReusableView.swift */; };
/* End PBXBuildFile section */

/* Begin PBXFileReference section */
		846A7DDF21B8E89B00A0E94B /* AwesomeHT6Tabble.app */ = {isa = PBXFileReference; explicitFileType = wrapper.application; includeInIndex = 0; path = AwesomeHT6Tabble.app; sourceTree = BUILT_PRODUCTS_DIR; };
		846A7DE221B8E89B00A0E94B /* AppDelegate.swift */ = {isa = PBXFileReference; lastKnownFileType = sourcecode.swift; path = AppDelegate.swift; sourceTree = "<group>"; };
		846A7DE421B8E89B00A0E94B /* ViewController.swift */ = {isa = PBXFileReference; lastKnownFileType = sourcecode.swift; path = ViewController.swift; sourceTree = "<group>"; };
		846A7DE721B8E89B00A0E94B /* Base */ = {isa = PBXFileReference; lastKnownFileType = file.storyboard; name = Base; path = Base.lproj/TableView.storyboard; sourceTree = "<group>"; };
		846A7DE921B8E89D00A0E94B /* Assets.xcassets */ = {isa = PBXFileReference; lastKnownFileType = folder.assetcatalog; path = Assets.xcassets; sourceTree = "<group>"; };
		846A7DEC21B8E89D00A0E94B /* Base */ = {isa = PBXFileReference; lastKnownFileType = file.storyboard; name = Base; path = Base.lproj/LaunchScreen.storyboard; sourceTree = "<group>"; };
		846A7DEE21B8E89D00A0E94B /* Info.plist */ = {isa = PBXFileReference; lastKnownFileType = text.plist.xml; path = Info.plist; sourceTree = "<group>"; };
		84B59C5421BA4C4400543DC2 /* WithLockTableViewCell.swift */ = {isa = PBXFileReference; lastKnownFileType = sourcecode.swift; path = WithLockTableViewCell.swift; sourceTree = "<group>"; };
		84B59C5521BA4C4400543DC2 /* WithLockTableViewCell.xib */ = {isa = PBXFileReference; lastKnownFileType = file.xib; path = WithLockTableViewCell.xib; sourceTree = "<group>"; };
		84B59C5821BA4C5E00543DC2 /* OrdinaryTableViewCell.swift */ = {isa = PBXFileReference; lastKnownFileType = sourcecode.swift; path = OrdinaryTableViewCell.swift; sourceTree = "<group>"; };
		84B59C5921BA4C5E00543DC2 /* OrdinaryTableViewCell.xib */ = {isa = PBXFileReference; lastKnownFileType = file.xib; path = OrdinaryTableViewCell.xib; sourceTree = "<group>"; };
		84BE39C821B942AC00168E13 /* TableViewController.swift */ = {isa = PBXFileReference; lastKnownFileType = sourcecode.swift; path = TableViewController.swift; sourceTree = "<group>"; };
		84EFA7F821BD3A34000F9772 /* CollectionView.storyboard */ = {isa = PBXFileReference; lastKnownFileType = file.storyboard; path = CollectionView.storyboard; sourceTree = "<group>"; };
		84EFA7FB21BD3A89000F9772 /* CollectionViewController.swift */ = {isa = PBXFileReference; lastKnownFileType = sourcecode.swift; path = CollectionViewController.swift; sourceTree = "<group>"; };
		84EFA7FD21BD3EE8000F9772 /* AwesomeCollectionViewCell.swift */ = {isa = PBXFileReference; lastKnownFileType = sourcecode.swift; path = AwesomeCollectionViewCell.swift; sourceTree = "<group>"; };
		84EFA7FE21BD3EE8000F9772 /* AwesomeCollectionViewCell.xib */ = {isa = PBXFileReference; lastKnownFileType = file.xib; path = AwesomeCollectionViewCell.xib; sourceTree = "<group>"; };
		84EFA80321BD56D3000F9772 /* SectionHeaderCollectionReusableView.swift */ = {isa = PBXFileReference; lastKnownFileType = sourcecode.swift; path = SectionHeaderCollectionReusableView.swift; sourceTree = "<group>"; };
/* End PBXFileReference section */

/* Begin PBXFrameworksBuildPhase section */
		846A7DDC21B8E89B00A0E94B /* Frameworks */ = {
			isa = PBXFrameworksBuildPhase;
			buildActionMask = 2147483647;
			files = (
			);
			runOnlyForDeploymentPostprocessing = 0;
		};
/* End PBXFrameworksBuildPhase section */

/* Begin PBXGroup section */
		846A7DD621B8E89B00A0E94B = {
			isa = PBXGroup;
			children = (
				846A7DE121B8E89B00A0E94B /* AwesomeHT6Tabble */,
				846A7DE021B8E89B00A0E94B /* Products */,
			);
			sourceTree = "<group>";
		};
		846A7DE021B8E89B00A0E94B /* Products */ = {
			isa = PBXGroup;
			children = (
				846A7DDF21B8E89B00A0E94B /* AwesomeHT6Tabble.app */,
			);
			name = Products;
			sourceTree = "<group>";
		};
		846A7DE121B8E89B00A0E94B /* AwesomeHT6Tabble */ = {
			isa = PBXGroup;
			children = (
				846A7DE221B8E89B00A0E94B /* AppDelegate.swift */,
				846A7DE421B8E89B00A0E94B /* ViewController.swift */,
				84EFA7FA21BD3A41000F9772 /* CollectionView */,
				846A7DF421B8EDD400A0E94B /* TableView */,
				846A7DE921B8E89D00A0E94B /* Assets.xcassets */,
				846A7DEB21B8E89D00A0E94B /* LaunchScreen.storyboard */,
				846A7DEE21B8E89D00A0E94B /* Info.plist */,
			);
			path = AwesomeHT6Tabble;
			sourceTree = "<group>";
		};
		846A7DF421B8EDD400A0E94B /* TableView */ = {
			isa = PBXGroup;
			children = (
				846A7DE621B8E89B00A0E94B /* TableView.storyboard */,
				84BE39C821B942AC00168E13 /* TableViewController.swift */,
				84B59C5321BA4C0300543DC2 /* TabbleCells */,
			);
			path = TableView;
			sourceTree = "<group>";
		};
		84B59C5321BA4C0300543DC2 /* TabbleCells */ = {
			isa = PBXGroup;
			children = (
				84B59C5421BA4C4400543DC2 /* WithLockTableViewCell.swift */,
				84B59C5521BA4C4400543DC2 /* WithLockTableViewCell.xib */,
				84B59C5821BA4C5E00543DC2 /* OrdinaryTableViewCell.swift */,
				84B59C5921BA4C5E00543DC2 /* OrdinaryTableViewCell.xib */,
			);
			name = TabbleCells;
			sourceTree = "<group>";
		};
		84EFA7FA21BD3A41000F9772 /* CollectionView */ = {
			isa = PBXGroup;
			children = (
				84EFA7F821BD3A34000F9772 /* CollectionView.storyboard */,
				84EFA80321BD56D3000F9772 /* SectionHeaderCollectionReusableView.swift */,
				84EFA7FB21BD3A89000F9772 /* CollectionViewController.swift */,
				84EFA80221BD3F12000F9772 /* CellsForCollectionBiew */,
			);
			name = CollectionView;
			sourceTree = "<group>";
		};
		84EFA80221BD3F12000F9772 /* CellsForCollectionBiew */ = {
			isa = PBXGroup;
			children = (
				84EFA7FD21BD3EE8000F9772 /* AwesomeCollectionViewCell.swift */,
				84EFA7FE21BD3EE8000F9772 /* AwesomeCollectionViewCell.xib */,
			);
			name = CellsForCollectionBiew;
			sourceTree = "<group>";
		};
/* End PBXGroup section */

/* Begin PBXNativeTarget section */
		846A7DDE21B8E89B00A0E94B /* AwesomeHT6Tabble */ = {
			isa = PBXNativeTarget;
			buildConfigurationList = 846A7DF121B8E89D00A0E94B /* Build configuration list for PBXNativeTarget "AwesomeHT6Tabble" */;
			buildPhases = (
				846A7DDB21B8E89B00A0E94B /* Sources */,
				846A7DDC21B8E89B00A0E94B /* Frameworks */,
				846A7DDD21B8E89B00A0E94B /* Resources */,
			);
			buildRules = (
			);
			dependencies = (
			);
			name = AwesomeHT6Tabble;
			productName = AwesomeHT6Tabble;
			productReference = 846A7DDF21B8E89B00A0E94B /* AwesomeHT6Tabble.app */;
			productType = "com.apple.product-type.application";
		};
/* End PBXNativeTarget section */

/* Begin PBXProject section */
		846A7DD721B8E89B00A0E94B /* Project object */ = {
			isa = PBXProject;
			attributes = {
				LastSwiftUpdateCheck = 1010;
				LastUpgradeCheck = 1010;
				ORGANIZATIONNAME = "Мостовий Ігор";
				TargetAttributes = {
					846A7DDE21B8E89B00A0E94B = {
						CreatedOnToolsVersion = 10.1;
					};
				};
			};
			buildConfigurationList = 846A7DDA21B8E89B00A0E94B /* Build configuration list for PBXProject "AwesomeHT6Tabble" */;
			compatibilityVersion = "Xcode 9.3";
			developmentRegion = en;
			hasScannedForEncodings = 0;
			knownRegions = (
				en,
				Base,
			);
			mainGroup = 846A7DD621B8E89B00A0E94B;
			productRefGroup = 846A7DE021B8E89B00A0E94B /* Products */;
			projectDirPath = "";
			projectRoot = "";
			targets = (
				846A7DDE21B8E89B00A0E94B /* AwesomeHT6Tabble */,
			);
		};
/* End PBXProject section */

/* Begin PBXResourcesBuildPhase section */
		846A7DDD21B8E89B00A0E94B /* Resources */ = {
			isa = PBXResourcesBuildPhase;
			buildActionMask = 2147483647;
			files = (
				84B59C5B21BA4C5E00543DC2 /* OrdinaryTableViewCell.xib in Resources */,
				846A7DED21B8E89D00A0E94B /* LaunchScreen.storyboard in Resources */,
				846A7DEA21B8E89D00A0E94B /* Assets.xcassets in Resources */,
				84EFA80021BD3EE8000F9772 /* AwesomeCollectionViewCell.xib in Resources */,
				84EFA7F921BD3A34000F9772 /* CollectionView.storyboard in Resources */,
				84B59C5721BA4C4400543DC2 /* WithLockTableViewCell.xib in Resources */,
				846A7DE821B8E89B00A0E94B /* TableView.storyboard in Resources */,
			);
			runOnlyForDeploymentPostprocessing = 0;
		};
/* End PBXResourcesBuildPhase section */

/* Begin PBXSourcesBuildPhase section */
		846A7DDB21B8E89B00A0E94B /* Sources */ = {
			isa = PBXSourcesBuildPhase;
			buildActionMask = 2147483647;
			files = (
				84EFA7FC21BD3A89000F9772 /* CollectionViewController.swift in Sources */,
				846A7DE521B8E89B00A0E94B /* ViewController.swift in Sources */,
				84EFA7FF21BD3EE8000F9772 /* AwesomeCollectionViewCell.swift in Sources */,
				84B59C5A21BA4C5E00543DC2 /* OrdinaryTableViewCell.swift in Sources */,
				84EFA80421BD56D3000F9772 /* SectionHeaderCollectionReusableView.swift in Sources */,
				84BE39C921B942AC00168E13 /* TableViewController.swift in Sources */,
				84B59C5621BA4C4400543DC2 /* WithLockTableViewCell.swift in Sources */,
				846A7DE321B8E89B00A0E94B /* AppDelegate.swift in Sources */,
			);
			runOnlyForDeploymentPostprocessing = 0;
		};
/* End PBXSourcesBuildPhase section */

/* Begin PBXVariantGroup section */
		846A7DE621B8E89B00A0E94B /* TableView.storyboard */ = {
			isa = PBXVariantGroup;
			children = (
				846A7DE721B8E89B00A0E94B /* Base */,
			);
			name = TableView.storyboard;
			sourceTree = "<group>";
		};
		846A7DEB21B8E89D00A0E94B /* LaunchScreen.storyboard */ = {
			isa = PBXVariantGroup;
			children = (
				846A7DEC21B8E89D00A0E94B /* Base */,
			);
			name = LaunchScreen.storyboard;
			sourceTree = "<group>";
		};
/* End PBXVariantGroup section */

/* Begin XCBuildConfiguration section */
		846A7DEF21B8E89D00A0E94B /* Debug */ = {
			isa = XCBuildConfiguration;
			buildSettings = {
				ALWAYS_SEARCH_USER_PATHS = NO;
				CLANG_ANALYZER_NONNULL = YES;
				CLANG_ANALYZER_NUMBER_OBJECT_CONVERSION = YES_AGGRESSIVE;
				CLANG_CXX_LANGUAGE_STANDARD = "gnu++14";
				CLANG_CXX_LIBRARY = "libc++";
				CLANG_ENABLE_MODULES = YES;
				CLANG_ENABLE_OBJC_ARC = YES;
				CLANG_ENABLE_OBJC_WEAK = YES;
				CLANG_WARN_BLOCK_CAPTURE_AUTORELEASING = YES;
				CLANG_WARN_BOOL_CONVERSION = YES;
				CLANG_WARN_COMMA = YES;
				CLANG_WARN_CONSTANT_CONVERSION = YES;
				CLANG_WARN_DEPRECATED_OBJC_IMPLEMENTATIONS = YES;
				CLANG_WARN_DIRECT_OBJC_ISA_USAGE = YES_ERROR;
				CLANG_WARN_DOCUMENTATION_COMMENTS = YES;
				CLANG_WARN_EMPTY_BODY = YES;
				CLANG_WARN_ENUM_CONVERSION = YES;
				CLANG_WARN_INFINITE_RECURSION = YES;
				CLANG_WARN_INT_CONVERSION = YES;
				CLANG_WARN_NON_LITERAL_NULL_CONVERSION = YES;
				CLANG_WARN_OBJC_IMPLICIT_RETAIN_SELF = YES;
				CLANG_WARN_OBJC_LITERAL_CONVERSION = YES;
				CLANG_WARN_OBJC_ROOT_CLASS = YES_ERROR;
				CLANG_WARN_RANGE_LOOP_ANALYSIS = YES;
				CLANG_WARN_STRICT_PROTOTYPES = YES;
				CLANG_WARN_SUSPICIOUS_MOVE = YES;
				CLANG_WARN_UNGUARDED_AVAILABILITY = YES_AGGRESSIVE;
				CLANG_WARN_UNREACHABLE_CODE = YES;
				CLANG_WARN__DUPLICATE_METHOD_MATCH = YES;
				CODE_SIGN_IDENTITY = "iPhone Developer";
				COPY_PHASE_STRIP = NO;
				DEBUG_INFORMATION_FORMAT = dwarf;
				ENABLE_STRICT_OBJC_MSGSEND = YES;
				ENABLE_TESTABILITY = YES;
				GCC_C_LANGUAGE_STANDARD = gnu11;
				GCC_DYNAMIC_NO_PIC = NO;
				GCC_NO_COMMON_BLOCKS = YES;
				GCC_OPTIMIZATION_LEVEL = 0;
				GCC_PREPROCESSOR_DEFINITIONS = (
					"DEBUG=1",
					"$(inherited)",
				);
				GCC_WARN_64_TO_32_BIT_CONVERSION = YES;
				GCC_WARN_ABOUT_RETURN_TYPE = YES_ERROR;
				GCC_WARN_UNDECLARED_SELECTOR = YES;
				GCC_WARN_UNINITIALIZED_AUTOS = YES_AGGRESSIVE;
				GCC_WARN_UNUSED_FUNCTION = YES;
				GCC_WARN_UNUSED_VARIABLE = YES;
				IPHONEOS_DEPLOYMENT_TARGET = 12.1;
				MTL_ENABLE_DEBUG_INFO = INCLUDE_SOURCE;
				MTL_FAST_MATH = YES;
				ONLY_ACTIVE_ARCH = YES;
				SDKROOT = iphoneos;
				SWIFT_ACTIVE_COMPILATION_CONDITIONS = DEBUG;
				SWIFT_OPTIMIZATION_LEVEL = "-Onone";
			};
			name = Debug;
		};
		846A7DF021B8E89D00A0E94B /* Release */ = {
			isa = XCBuildConfiguration;
			buildSettings = {
				ALWAYS_SEARCH_USER_PATHS = NO;
				CLANG_ANALYZER_NONNULL = YES;
				CLANG_ANALYZER_NUMBER_OBJECT_CONVERSION = YES_AGGRESSIVE;
				CLANG_CXX_LANGUAGE_STANDARD = "gnu++14";
				CLANG_CXX_LIBRARY = "libc++";
				CLANG_ENABLE_MODULES = YES;
				CLANG_ENABLE_OBJC_ARC = YES;
				CLANG_ENABLE_OBJC_WEAK = YES;
				CLANG_WARN_BLOCK_CAPTURE_AUTORELEASING = YES;
				CLANG_WARN_BOOL_CONVERSION = YES;
				CLANG_WARN_COMMA = YES;
				CLANG_WARN_CONSTANT_CONVERSION = YES;
				CLANG_WARN_DEPRECATED_OBJC_IMPLEMENTATIONS = YES;
				CLANG_WARN_DIRECT_OBJC_ISA_USAGE = YES_ERROR;
				CLANG_WARN_DOCUMENTATION_COMMENTS = YES;
				CLANG_WARN_EMPTY_BODY = YES;
				CLANG_WARN_ENUM_CONVERSION = YES;
				CLANG_WARN_INFINITE_RECURSION = YES;
				CLANG_WARN_INT_CONVERSION = YES;
				CLANG_WARN_NON_LITERAL_NULL_CONVERSION = YES;
				CLANG_WARN_OBJC_IMPLICIT_RETAIN_SELF = YES;
				CLANG_WARN_OBJC_LITERAL_CONVERSION = YES;
				CLANG_WARN_OBJC_ROOT_CLASS = YES_ERROR;
				CLANG_WARN_RANGE_LOOP_ANALYSIS = YES;
				CLANG_WARN_STRICT_PROTOTYPES = YES;
				CLANG_WARN_SUSPICIOUS_MOVE = YES;
				CLANG_WARN_UNGUARDED_AVAILABILITY = YES_AGGRESSIVE;
				CLANG_WARN_UNREACHABLE_CODE = YES;
				CLANG_WARN__DUPLICATE_METHOD_MATCH = YES;
				CODE_SIGN_IDENTITY = "iPhone Developer";
				COPY_PHASE_STRIP = NO;
				DEBUG_INFORMATION_FORMAT = "dwarf-with-dsym";
				ENABLE_NS_ASSERTIONS = NO;
				ENABLE_STRICT_OBJC_MSGSEND = YES;
				GCC_C_LANGUAGE_STANDARD = gnu11;
				GCC_NO_COMMON_BLOCKS = YES;
				GCC_WARN_64_TO_32_BIT_CONVERSION = YES;
				GCC_WARN_ABOUT_RETURN_TYPE = YES_ERROR;
				GCC_WARN_UNDECLARED_SELECTOR = YES;
				GCC_WARN_UNINITIALIZED_AUTOS = YES_AGGRESSIVE;
				GCC_WARN_UNUSED_FUNCTION = YES;
				GCC_WARN_UNUSED_VARIABLE = YES;
				IPHONEOS_DEPLOYMENT_TARGET = 12.1;
				MTL_ENABLE_DEBUG_INFO = NO;
				MTL_FAST_MATH = YES;
				SDKROOT = iphoneos;
				SWIFT_COMPILATION_MODE = wholemodule;
				SWIFT_OPTIMIZATION_LEVEL = "-O";
				VALIDATE_PRODUCT = YES;
			};
			name = Release;
		};
		846A7DF221B8E89D00A0E94B /* Debug */ = {
			isa = XCBuildConfiguration;
			buildSettings = {
				ASSETCATALOG_COMPILER_APPICON_NAME = AppIcon;
				CODE_SIGN_STYLE = Automatic;
				INFOPLIST_FILE = AwesomeHT6Tabble/Info.plist;
				LD_RUNPATH_SEARCH_PATHS = (
					"$(inherited)",
					"@executable_path/Frameworks",
				);
				PRODUCT_BUNDLE_IDENTIFIER = identifier.AwesomeHT6Tabble;
				PRODUCT_NAME = "$(TARGET_NAME)";
				SWIFT_VERSION = 4.2;
				TARGETED_DEVICE_FAMILY = "1,2";
			};
			name = Debug;
		};
		846A7DF321B8E89D00A0E94B /* Release */ = {
			isa = XCBuildConfiguration;
			buildSettings = {
				ASSETCATALOG_COMPILER_APPICON_NAME = AppIcon;
				CODE_SIGN_STYLE = Automatic;
				INFOPLIST_FILE = AwesomeHT6Tabble/Info.plist;
				LD_RUNPATH_SEARCH_PATHS = (
					"$(inherited)",
					"@executable_path/Frameworks",
				);
				PRODUCT_BUNDLE_IDENTIFIER = identifier.AwesomeHT6Tabble;
				PRODUCT_NAME = "$(TARGET_NAME)";
				SWIFT_VERSION = 4.2;
				TARGETED_DEVICE_FAMILY = "1,2";
			};
			name = Release;
		};
/* End XCBuildConfiguration section */

/* Begin XCConfigurationList section */
		846A7DDA21B8E89B00A0E94B /* Build configuration list for PBXProject "AwesomeHT6Tabble" */ = {
			isa = XCConfigurationList;
			buildConfigurations = (
				846A7DEF21B8E89D00A0E94B /* Debug */,
				846A7DF021B8E89D00A0E94B /* Release */,
			);
			defaultConfigurationIsVisible = 0;
			defaultConfigurationName = Release;
		};
		846A7DF121B8E89D00A0E94B /* Build configuration list for PBXNativeTarget "AwesomeHT6Tabble" */ = {
			isa = XCConfigurationList;
			buildConfigurations = (
				846A7DF221B8E89D00A0E94B /* Debug */,
				846A7DF321B8E89D00A0E94B /* Release */,
			);
			defaultConfigurationIsVisible = 0;
			defaultConfigurationName = Release;
		};
/* End XCConfigurationList section */
	};
	rootObject = 846A7DD721B8E89B00A0E94B /* Project object */;
}
